// !$*UTF8*$!
{
	archiveVersion = 1;
	classes = {
	};
	objectVersion = 48;
	objects = {

/* Begin PBXBuildFile section */
		FD8E76B62035F9AF00D7638C /* AppDelegate.swift in Sources */ = {isa = PBXBuildFile; fileRef = FD8E76B52035F9AF00D7638C /* AppDelegate.swift */; };
		FD8E76B82035F9AF00D7638C /* ViewController.swift in Sources */ = {isa = PBXBuildFile; fileRef = FD8E76B72035F9AF00D7638C /* ViewController.swift */; };
		FD8E76BB2035F9AF00D7638C /* Main.storyboard in Resources */ = {isa = PBXBuildFile; fileRef = FD8E76B92035F9AF00D7638C /* Main.storyboard */; };
		FD8E76BD2035F9AF00D7638C /* Assets.xcassets in Resources */ = {isa = PBXBuildFile; fileRef = FD8E76BC2035F9AF00D7638C /* Assets.xcassets */; };
		FD8E76C02035F9AF00D7638C /* LaunchScreen.storyboard in Resources */ = {isa = PBXBuildFile; fileRef = FD8E76BE2035F9AF00D7638C /* LaunchScreen.storyboard */; };
/* End PBXBuildFile section */

/* Begin PBXFileReference section */
		FD8E76B22035F9AF00D7638C /* hotdog-not-hotdog.app */ = {isa = PBXFileReference; explicitFileType = wrapper.application; includeInIndex = 0; path = "hotdog-not-hotdog.app"; sourceTree = BUILT_PRODUCTS_DIR; };
		FD8E76B52035F9AF00D7638C /* AppDelegate.swift */ = {isa = PBXFileReference; lastKnownFileType = sourcecode.swift; path = AppDelegate.swift; sourceTree = "<group>"; };
		FD8E76B72035F9AF00D7638C /* ViewController.swift */ = {isa = PBXFileReference; lastKnownFileType = sourcecode.swift; path = ViewController.swift; sourceTree = "<group>"; };
		FD8E76BA2035F9AF00D7638C /* Base */ = {isa = PBXFileReference; lastKnownFileType = file.storyboard; name = Base; path = Base.lproj/Main.storyboard; sourceTree = "<group>"; };
		FD8E76BC2035F9AF00D7638C /* Assets.xcassets */ = {isa = PBXFileReference; lastKnownFileType = folder.assetcatalog; path = Assets.xcassets; sourceTree = "<group>"; };
		FD8E76BF2035F9AF00D7638C /* Base */ = {isa = PBXFileReference; lastKnownFileType = file.storyboard; name = Base; path = Base.lproj/LaunchScreen.storyboard; sourceTree = "<group>"; };
		FD8E76C12035F9AF00D7638C /* Info.plist */ = {isa = PBXFileReference; lastKnownFileType = text.plist.xml; path = Info.plist; sourceTree = "<group>"; };
/* End PBXFileReference section */

/* Begin PBXFrameworksBuildPhase section */
		FD8E76AF2035F9AF00D7638C /* Frameworks */ = {
			isa = PBXFrameworksBuildPhase;
			buildActionMask = 2147483647;
			files = (
			);
			runOnlyForDeploymentPostprocessing = 0;
		};
/* End PBXFrameworksBuildPhase section */

/* Begin PBXGroup section */
		FD8E76A92035F9AF00D7638C = {
			isa = PBXGroup;
			children = (
				FD8E76B42035F9AF00D7638C /* hotdog-not-hotdog */,
				FD8E76B32035F9AF00D7638C /* Products */,
			);
			sourceTree = "<group>";
		};
		FD8E76B32035F9AF00D7638C /* Products */ = {
			isa = PBXGroup;
			children = (
				FD8E76B22035F9AF00D7638C /* hotdog-not-hotdog.app */,
			);
			name = Products;
			sourceTree = "<group>";
		};
		FD8E76B42035F9AF00D7638C /* hotdog-not-hotdog */ = {
			isa = PBXGroup;
			children = (
				FD8E76B52035F9AF00D7638C /* AppDelegate.swift */,
				FD8E76B72035F9AF00D7638C /* ViewController.swift */,
				FD8E76B92035F9AF00D7638C /* Main.storyboard */,
				FD8E76BC2035F9AF00D7638C /* Assets.xcassets */,
				FD8E76BE2035F9AF00D7638C /* LaunchScreen.storyboard */,
				FD8E76C12035F9AF00D7638C /* Info.plist */,
			);
			path = "hotdog-not-hotdog";
			sourceTree = "<group>";
		};
/* End PBXGroup section */

/* Begin PBXNativeTarget section */
		FD8E76B12035F9AF00D7638C /* hotdog-not-hotdog */ = {
			isa = PBXNativeTarget;
			buildConfigurationList = FD8E76C42035F9AF00D7638C /* Build configuration list for PBXNativeTarget "hotdog-not-hotdog" */;
			buildPhases = (
				FD8E76AE2035F9AF00D7638C /* Sources */,
				FD8E76AF2035F9AF00D7638C /* Frameworks */,
				FD8E76B02035F9AF00D7638C /* Resources */,
			);
			buildRules = (
			);
			dependencies = (
			);
			name = "hotdog-not-hotdog";
			productName = "hotdog-not-hotdog";
			productReference = FD8E76B22035F9AF00D7638C /* hotdog-not-hotdog.app */;
			productType = "com.apple.product-type.application";
		};
/* End PBXNativeTarget section */

/* Begin PBXProject section */
		FD8E76AA2035F9AF00D7638C /* Project object */ = {
			isa = PBXProject;
			attributes = {
				LastSwiftUpdateCheck = 0920;
				LastUpgradeCheck = 0920;
				ORGANIZATIONNAME = Taiwo;
				TargetAttributes = {
					FD8E76B12035F9AF00D7638C = {
						CreatedOnToolsVersion = 9.2;
						ProvisioningStyle = Automatic;
					};
				};
			};
			buildConfigurationList = FD8E76AD2035F9AF00D7638C /* Build configuration list for PBXProject "hotdog-not-hotdog" */;
			compatibilityVersion = "Xcode 8.0";
			developmentRegion = en;
			hasScannedForEncodings = 0;
			knownRegions = (
				en,
				Base,
			);
			mainGroup = FD8E76A92035F9AF00D7638C;
			productRefGroup = FD8E76B32035F9AF00D7638C /* Products */;
			projectDirPath = "";
			projectRoot = "";
			targets = (
				FD8E76B12035F9AF00D7638C /* hotdog-not-hotdog */,
			);
		};
/* End PBXProject section */

/* Begin PBXResourcesBuildPhase section */
		FD8E76B02035F9AF00D7638C /* Resources */ = {
			isa = PBXResourcesBuildPhase;
			buildActionMask = 2147483647;
			files = (
				FD8E76C02035F9AF00D7638C /* LaunchScreen.storyboard in Resources */,
				FD8E76BD2035F9AF00D7638C /* Assets.xcassets in Resources */,
				FD8E76BB2035F9AF00D7638C /* Main.storyboard in Resources */,
			);
			runOnlyForDeploymentPostprocessing = 0;
		};
/* End PBXResourcesBuildPhase section */

/* Begin PBXSourcesBuildPhase section */
		FD8E76AE2035F9AF00D7638C /* Sources */ = {
			isa = PBXSourcesBuildPhase;
			buildActionMask = 2147483647;
			files = (
				FD8E76B82035F9AF00D7638C /* ViewController.swift in Sources */,
				FD8E76B62035F9AF00D7638C /* AppDelegate.swift in Sources */,
			);
			runOnlyForDeploymentPostprocessing = 0;
		};
/* End PBXSourcesBuildPhase section */

/* Begin PBXVariantGroup section */
		FD8E76B92035F9AF00D7638C /* Main.storyboard */ = {
			isa = PBXVariantGroup;
			children = (
				FD8E76BA2035F9AF00D7638C /* Base */,
			);
			name = Main.storyboard;
			sourceTree = "<group>";
		};
		FD8E76BE2035F9AF00D7638C /* LaunchScreen.storyboard */ = {
			isa = PBXVariantGroup;
			children = (
				FD8E76BF2035F9AF00D7638C /* Base */,
			);
			name = LaunchScreen.storyboard;
			sourceTree = "<group>";
		};
/* End PBXVariantGroup section */

/* Begin XCBuildConfiguration section */
		FD8E76C22035F9AF00D7638C /* Debug */ = {
			isa = XCBuildConfiguration;
			buildSettings = {
				ALWAYS_SEARCH_USER_PATHS = NO;
				CLANG_ANALYZER_NONNULL = YES;
				CLANG_ANALYZER_NUMBER_OBJECT_CONVERSION = YES_AGGRESSIVE;
				CLANG_CXX_LANGUAGE_STANDARD = "gnu++14";
				CLANG_CXX_LIBRARY = "libc++";
				CLANG_ENABLE_MODULES = YES;
				CLANG_ENABLE_OBJC_ARC = YES;
				CLANG_WARN_BLOCK_CAPTURE_AUTORELEASING = YES;
				CLANG_WARN_BOOL_CONVERSION = YES;
				CLANG_WARN_COMMA = YES;
				CLANG_WARN_CONSTANT_CONVERSION = YES;
				CLANG_WARN_DIRECT_OBJC_ISA_USAGE = YES_ERROR;
				CLANG_WARN_DOCUMENTATION_COMMENTS = YES;
				CLANG_WARN_EMPTY_BODY = YES;
				CLANG_WARN_ENUM_CONVERSION = YES;
				CLANG_WARN_INFINITE_RECURSION = YES;
				CLANG_WARN_INT_CONVERSION = YES;
				CLANG_WARN_NON_LITERAL_NULL_CONVERSION = YES;
				CLANG_WARN_OBJC_LITERAL_CONVERSION = YES;
				CLANG_WARN_OBJC_ROOT_CLASS = YES_ERROR;
				CLANG_WARN_RANGE_LOOP_ANALYSIS = YES;
				CLANG_WARN_STRICT_PROTOTYPES = YES;
				CLANG_WARN_SUSPICIOUS_MOVE = YES;
				CLANG_WARN_UNGUARDED_AVAILABILITY = YES_AGGRESSIVE;
				CLANG_WARN_UNREACHABLE_CODE = YES;
				CLANG_WARN__DUPLICATE_METHOD_MATCH = YES;
				CODE_SIGN_IDENTITY = "iPhone Developer";
				COPY_PHASE_STRIP = NO;
				DEBUG_INFORMATION_FORMAT = dwarf;
				ENABLE_STRICT_OBJC_MSGSEND = YES;
				ENABLE_TESTABILITY = YES;
				GCC_C_LANGUAGE_STANDARD = gnu11;
				GCC_DYNAMIC_NO_PIC = NO;
				GCC_NO_COMMON_BLOCKS = YES;
				GCC_OPTIMIZATION_LEVEL = 0;
				GCC_PREPROCESSOR_DEFINITIONS = (
					"DEBUG=1",
					"$(inherited)",
				);
				GCC_WARN_64_TO_32_BIT_CONVERSION = YES;
				GCC_WARN_ABOUT_RETURN_TYPE = YES_ERROR;
				GCC_WARN_UNDECLARED_SELECTOR = YES;
				GCC_WARN_UNINITIALIZED_AUTOS = YES_AGGRESSIVE;
				GCC_WARN_UNUSED_FUNCTION = YES;
				GCC_WARN_UNUSED_VARIABLE = YES;
				IPHONEOS_DEPLOYMENT_TARGET = 11.2;
				MTL_ENABLE_DEBUG_INFO = YES;
				ONLY_ACTIVE_ARCH = YES;
				SDKROOT = iphoneos;
				SWIFT_ACTIVE_COMPILATION_CONDITIONS = DEBUG;
				SWIFT_OPTIMIZATION_LEVEL = "-Onone";
			};
			name = Debug;
		};
		FD8E76C32035F9AF00D7638C /* Release */ = {
			isa = XCBuildConfiguration;
			buildSettings = {
				ALWAYS_SEARCH_USER_PATHS = NO;
				CLANG_ANALYZER_NONNULL = YES;
				CLANG_ANALYZER_NUMBER_OBJECT_CONVERSION = YES_AGGRESSIVE;
				CLANG_CXX_LANGUAGE_STANDARD = "gnu++14";
				CLANG_CXX_LIBRARY = "libc++";
				CLANG_ENABLE_MODULES = YES;
				CLANG_ENABLE_OBJC_ARC = YES;
				CLANG_WARN_BLOCK_CAPTURE_AUTORELEASING = YES;
				CLANG_WARN_BOOL_CONVERSION = YES;
				CLANG_WARN_COMMA = YES;
				CLANG_WARN_CONSTANT_CONVERSION = YES;
				CLANG_WARN_DIRECT_OBJC_ISA_USAGE = YES_ERROR;
				CLANG_WARN_DOCUMENTATION_COMMENTS = YES;
				CLANG_WARN_EMPTY_BODY = YES;
				CLANG_WARN_ENUM_CONVERSION = YES;
				CLANG_WARN_INFINITE_RECURSION = YES;
				CLANG_WARN_INT_CONVERSION = YES;
				CLANG_WARN_NON_LITERAL_NULL_CONVERSION = YES;
				CLANG_WARN_OBJC_LITERAL_CONVERSION = YES;
				CLANG_WARN_OBJC_ROOT_CLASS = YES_ERROR;
				CLANG_WARN_RANGE_LOOP_ANALYSIS = YES;
				CLANG_WARN_STRICT_PROTOTYPES = YES;
				CLANG_WARN_SUSPICIOUS_MOVE = YES;
				CLANG_WARN_UNGUARDED_AVAILABILITY = YES_AGGRESSIVE;
				CLANG_WARN_UNREACHABLE_CODE = YES;
				CLANG_WARN__DUPLICATE_METHOD_MATCH = YES;
				CODE_SIGN_IDENTITY = "iPhone Developer";
				COPY_PHASE_STRIP = NO;
				DEBUG_INFORMATION_FORMAT = "dwarf-with-dsym";
				ENABLE_NS_ASSERTIONS = NO;
				ENABLE_STRICT_OBJC_MSGSEND = YES;
				GCC_C_LANGUAGE_STANDARD = gnu11;
				GCC_NO_COMMON_BLOCKS = YES;
				GCC_WARN_64_TO_32_BIT_CONVERSION = YES;
				GCC_WARN_ABOUT_RETURN_TYPE = YES_ERROR;
				GCC_WARN_UNDECLARED_SELECTOR = YES;
				GCC_WARN_UNINITIALIZED_AUTOS = YES_AGGRESSIVE;
				GCC_WARN_UNUSED_FUNCTION = YES;
				GCC_WARN_UNUSED_VARIABLE = YES;
				IPHONEOS_DEPLOYMENT_TARGET = 11.2;
				MTL_ENABLE_DEBUG_INFO = NO;
				SDKROOT = iphoneos;
				SWIFT_OPTIMIZATION_LEVEL = "-Owholemodule";
				VALIDATE_PRODUCT = YES;
			};
			name = Release;
		};
		FD8E76C52035F9AF00D7638C /* Debug */ = {
			isa = XCBuildConfiguration;
			buildSettings = {
				ASSETCATALOG_COMPILER_APPICON_NAME = AppIcon;
				CODE_SIGN_STYLE = Automatic;
				DEVELOPMENT_TEAM = 862K5Y7PJP;
				INFOPLIST_FILE = "hotdog-not-hotdog/Info.plist";
				LD_RUNPATH_SEARCH_PATHS = "$(inherited) @executable_path/Frameworks";
				PRODUCT_BUNDLE_IDENTIFIER = "com.taiwo.hotdog-not-hotdog";
				PRODUCT_NAME = "$(TARGET_NAME)";
				SWIFT_VERSION = 4.0;
				TARGETED_DEVICE_FAMILY = "1,2";
			};
			name = Debug;
		};
		FD8E76C62035F9AF00D7638C /* Release */ = {
			isa = XCBuildConfiguration;
			buildSettings = {
				ASSETCATALOG_COMPILER_APPICON_NAME = AppIcon;
				CODE_SIGN_STYLE = Automatic;
				DEVELOPMENT_TEAM = 862K5Y7PJP;
				INFOPLIST_FILE = "hotdog-not-hotdog/Info.plist";
				LD_RUNPATH_SEARCH_PATHS = "$(inherited) @executable_path/Frameworks";
				PRODUCT_BUNDLE_IDENTIFIER = "com.taiwo.hotdog-not-hotdog";
				PRODUCT_NAME = "$(TARGET_NAME)";
				SWIFT_VERSION = 4.0;
				TARGETED_DEVICE_FAMILY = "1,2";
			};
			name = Release;
		};
/* End XCBuildConfiguration section */

/* Begin XCConfigurationList section */
		FD8E76AD2035F9AF00D7638C /* Build configuration list for PBXProject "hotdog-not-hotdog" */ = {
			isa = XCConfigurationList;
			buildConfigurations = (
				FD8E76C22035F9AF00D7638C /* Debug */,
				FD8E76C32035F9AF00D7638C /* Release */,
			);
			defaultConfigurationIsVisible = 0;
			defaultConfigurationName = Release;
		};
		FD8E76C42035F9AF00D7638C /* Build configuration list for PBXNativeTarget "hotdog-not-hotdog" */ = {
			isa = XCConfigurationList;
			buildConfigurations = (
				FD8E76C52035F9AF00D7638C /* Debug */,
				FD8E76C62035F9AF00D7638C /* Release */,
			);
			defaultConfigurationIsVisible = 0;
			defaultConfigurationName = Release;
		};
/* End XCConfigurationList section */
	};
	rootObject = FD8E76AA2035F9AF00D7638C /* Project object */;
}
